// !$*UTF8*$!
{
	archiveVersion = 1;
	classes = {
	};
	objectVersion = 46;
	objects = {

/* Begin PBXBuildFile section */
		E170433B1C507CCA001D20BA /* main.m in Sources */ = {isa = PBXBuildFile; fileRef = E170433A1C507CCA001D20BA /* main.m */; };
		E170433E1C507CCA001D20BA /* AppDelegate.m in Sources */ = {isa = PBXBuildFile; fileRef = E170433D1C507CCA001D20BA /* AppDelegate.m */; };
		E17043411C507CCA001D20BA /* ViewController.m in Sources */ = {isa = PBXBuildFile; fileRef = E17043401C507CCA001D20BA /* ViewController.m */; };
		E17043441C507CCA001D20BA /* Main.storyboard in Resources */ = {isa = PBXBuildFile; fileRef = E17043421C507CCA001D20BA /* Main.storyboard */; };
		E17043461C507CCA001D20BA /* Assets.xcassets in Resources */ = {isa = PBXBuildFile; fileRef = E17043451C507CCA001D20BA /* Assets.xcassets */; };
		E17043491C507CCA001D20BA /* LaunchScreen.storyboard in Resources */ = {isa = PBXBuildFile; fileRef = E17043471C507CCA001D20BA /* LaunchScreen.storyboard */; };
		E17043541C507CCA001D20BA /* H5DemoTests.m in Sources */ = {isa = PBXBuildFile; fileRef = E17043531C507CCA001D20BA /* H5DemoTests.m */; };
		E170435F1C507CCA001D20BA /* H5DemoUITests.m in Sources */ = {isa = PBXBuildFile; fileRef = E170435E1C507CCA001D20BA /* H5DemoUITests.m */; };
		E17043741C50881F001D20BA /* WebViewJavascriptBridge.js.txt in Resources */ = {isa = PBXBuildFile; fileRef = E170436D1C50881F001D20BA /* WebViewJavascriptBridge.js.txt */; };
		E17043751C50881F001D20BA /* WebViewJavascriptBridge.m in Sources */ = {isa = PBXBuildFile; fileRef = E170436F1C50881F001D20BA /* WebViewJavascriptBridge.m */; };
		E17043761C50881F001D20BA /* WKWebViewJavascriptBridge.m in Sources */ = {isa = PBXBuildFile; fileRef = E17043701C50881F001D20BA /* WKWebViewJavascriptBridge.m */; };
		E17043771C50881F001D20BA /* WebViewJavascriptBridgeBase.m in Sources */ = {isa = PBXBuildFile; fileRef = E17043721C50881F001D20BA /* WebViewJavascriptBridgeBase.m */; };
		E17043E31C50A9C2001D20BA /* MKAnnotationView+WebCache.m in Sources */ = {isa = PBXBuildFile; fileRef = E17043C31C50A9C2001D20BA /* MKAnnotationView+WebCache.m */; };
		E17043E41C50A9C2001D20BA /* NSData+ImageContentType.m in Sources */ = {isa = PBXBuildFile; fileRef = E17043C51C50A9C2001D20BA /* NSData+ImageContentType.m */; };
		E17043E51C50A9C2001D20BA /* SDImageCache.m in Sources */ = {isa = PBXBuildFile; fileRef = E17043C71C50A9C2001D20BA /* SDImageCache.m */; };
		E17043E61C50A9C2001D20BA /* SDWebImageCompat.m in Sources */ = {isa = PBXBuildFile; fileRef = E17043C91C50A9C2001D20BA /* SDWebImageCompat.m */; };
		E17043E71C50A9C2001D20BA /* SDWebImageDecoder.m in Sources */ = {isa = PBXBuildFile; fileRef = E17043CB1C50A9C2001D20BA /* SDWebImageDecoder.m */; };
		E17043E81C50A9C2001D20BA /* SDWebImageDownloader.m in Sources */ = {isa = PBXBuildFile; fileRef = E17043CD1C50A9C2001D20BA /* SDWebImageDownloader.m */; };
		E17043E91C50A9C2001D20BA /* SDWebImageDownloaderOperation.m in Sources */ = {isa = PBXBuildFile; fileRef = E17043CF1C50A9C2001D20BA /* SDWebImageDownloaderOperation.m */; };
		E17043EA1C50A9C2001D20BA /* SDWebImageManager.m in Sources */ = {isa = PBXBuildFile; fileRef = E17043D11C50A9C2001D20BA /* SDWebImageManager.m */; };
		E17043EB1C50A9C2001D20BA /* SDWebImagePrefetcher.m in Sources */ = {isa = PBXBuildFile; fileRef = E17043D41C50A9C2001D20BA /* SDWebImagePrefetcher.m */; };
		E17043EC1C50A9C2001D20BA /* UIButton+WebCache.m in Sources */ = {isa = PBXBuildFile; fileRef = E17043D61C50A9C2001D20BA /* UIButton+WebCache.m */; };
		E17043ED1C50A9C2001D20BA /* UIImage+GIF.m in Sources */ = {isa = PBXBuildFile; fileRef = E17043D81C50A9C2001D20BA /* UIImage+GIF.m */; };
		E17043EE1C50A9C2001D20BA /* UIImage+MultiFormat.m in Sources */ = {isa = PBXBuildFile; fileRef = E17043DA1C50A9C2001D20BA /* UIImage+MultiFormat.m */; };
		E17043EF1C50A9C2001D20BA /* UIImage+WebP.m in Sources */ = {isa = PBXBuildFile; fileRef = E17043DC1C50A9C2001D20BA /* UIImage+WebP.m */; };
		E17043F01C50A9C2001D20BA /* UIImageView+HighlightedWebCache.m in Sources */ = {isa = PBXBuildFile; fileRef = E17043DE1C50A9C2001D20BA /* UIImageView+HighlightedWebCache.m */; };
		E17043F11C50A9C2001D20BA /* UIImageView+WebCache.m in Sources */ = {isa = PBXBuildFile; fileRef = E17043E01C50A9C2001D20BA /* UIImageView+WebCache.m */; };
		E17043F21C50A9C2001D20BA /* UIView+WebCacheOperation.m in Sources */ = {isa = PBXBuildFile; fileRef = E17043E21C50A9C2001D20BA /* UIView+WebCacheOperation.m */; };
/* End PBXBuildFile section */

/* Begin PBXContainerItemProxy section */
		E17043501C507CCA001D20BA /* PBXContainerItemProxy */ = {
			isa = PBXContainerItemProxy;
			containerPortal = E170432E1C507CCA001D20BA /* Project object */;
			proxyType = 1;
			remoteGlobalIDString = E17043351C507CCA001D20BA;
			remoteInfo = H5Demo;
		};
		E170435B1C507CCA001D20BA /* PBXContainerItemProxy */ = {
			isa = PBXContainerItemProxy;
			containerPortal = E170432E1C507CCA001D20BA /* Project object */;
			proxyType = 1;
			remoteGlobalIDString = E17043351C507CCA001D20BA;
			remoteInfo = H5Demo;
		};
/* End PBXContainerItemProxy section */

/* Begin PBXFileReference section */
		E17043361C507CCA001D20BA /* H5Demo.app */ = {isa = PBXFileReference; explicitFileType = wrapper.application; includeInIndex = 0; path = H5Demo.app; sourceTree = BUILT_PRODUCTS_DIR; };
		E170433A1C507CCA001D20BA /* main.m */ = {isa = PBXFileReference; lastKnownFileType = sourcecode.c.objc; path = main.m; sourceTree = "<group>"; };
		E170433C1C507CCA001D20BA /* AppDelegate.h */ = {isa = PBXFileReference; lastKnownFileType = sourcecode.c.h; path = AppDelegate.h; sourceTree = "<group>"; };
		E170433D1C507CCA001D20BA /* AppDelegate.m */ = {isa = PBXFileReference; lastKnownFileType = sourcecode.c.objc; path = AppDelegate.m; sourceTree = "<group>"; };
		E170433F1C507CCA001D20BA /* ViewController.h */ = {isa = PBXFileReference; lastKnownFileType = sourcecode.c.h; path = ViewController.h; sourceTree = "<group>"; };
		E17043401C507CCA001D20BA /* ViewController.m */ = {isa = PBXFileReference; lastKnownFileType = sourcecode.c.objc; path = ViewController.m; sourceTree = "<group>"; };
		E17043431C507CCA001D20BA /* Base */ = {isa = PBXFileReference; lastKnownFileType = file.storyboard; name = Base; path = Base.lproj/Main.storyboard; sourceTree = "<group>"; };
		E17043451C507CCA001D20BA /* Assets.xcassets */ = {isa = PBXFileReference; lastKnownFileType = folder.assetcatalog; path = Assets.xcassets; sourceTree = "<group>"; };
		E17043481C507CCA001D20BA /* Base */ = {isa = PBXFileReference; lastKnownFileType = file.storyboard; name = Base; path = Base.lproj/LaunchScreen.storyboard; sourceTree = "<group>"; };
		E170434A1C507CCA001D20BA /* Info.plist */ = {isa = PBXFileReference; lastKnownFileType = text.plist.xml; path = Info.plist; sourceTree = "<group>"; };
		E170434F1C507CCA001D20BA /* H5DemoTests.xctest */ = {isa = PBXFileReference; explicitFileType = wrapper.cfbundle; includeInIndex = 0; path = H5DemoTests.xctest; sourceTree = BUILT_PRODUCTS_DIR; };
		E17043531C507CCA001D20BA /* H5DemoTests.m */ = {isa = PBXFileReference; lastKnownFileType = sourcecode.c.objc; path = H5DemoTests.m; sourceTree = "<group>"; };
		E17043551C507CCA001D20BA /* Info.plist */ = {isa = PBXFileReference; lastKnownFileType = text.plist.xml; path = Info.plist; sourceTree = "<group>"; };
		E170435A1C507CCA001D20BA /* H5DemoUITests.xctest */ = {isa = PBXFileReference; explicitFileType = wrapper.cfbundle; includeInIndex = 0; path = H5DemoUITests.xctest; sourceTree = BUILT_PRODUCTS_DIR; };
		E170435E1C507CCA001D20BA /* H5DemoUITests.m */ = {isa = PBXFileReference; lastKnownFileType = sourcecode.c.objc; path = H5DemoUITests.m; sourceTree = "<group>"; };
		E17043601C507CCA001D20BA /* Info.plist */ = {isa = PBXFileReference; lastKnownFileType = text.plist.xml; path = Info.plist; sourceTree = "<group>"; };
		E170436D1C50881F001D20BA /* WebViewJavascriptBridge.js.txt */ = {isa = PBXFileReference; fileEncoding = 4; lastKnownFileType = text; path = WebViewJavascriptBridge.js.txt; sourceTree = "<group>"; };
		E170436E1C50881F001D20BA /* WebViewJavascriptBridge.h */ = {isa = PBXFileReference; fileEncoding = 4; lastKnownFileType = sourcecode.c.h; path = WebViewJavascriptBridge.h; sourceTree = "<group>"; };
		E170436F1C50881F001D20BA /* WebViewJavascriptBridge.m */ = {isa = PBXFileReference; fileEncoding = 4; lastKnownFileType = sourcecode.c.objc; path = WebViewJavascriptBridge.m; sourceTree = "<group>"; };
		E17043701C50881F001D20BA /* WKWebViewJavascriptBridge.m */ = {isa = PBXFileReference; fileEncoding = 4; lastKnownFileType = sourcecode.c.objc; path = WKWebViewJavascriptBridge.m; sourceTree = "<group>"; };
		E17043711C50881F001D20BA /* WKWebViewJavascriptBridge.h */ = {isa = PBXFileReference; fileEncoding = 4; lastKnownFileType = sourcecode.c.h; path = WKWebViewJavascriptBridge.h; sourceTree = "<group>"; };
		E17043721C50881F001D20BA /* WebViewJavascriptBridgeBase.m */ = {isa = PBXFileReference; fileEncoding = 4; lastKnownFileType = sourcecode.c.objc; path = WebViewJavascriptBridgeBase.m; sourceTree = "<group>"; };
		E17043731C50881F001D20BA /* WebViewJavascriptBridgeBase.h */ = {isa = PBXFileReference; fileEncoding = 4; lastKnownFileType = sourcecode.c.h; path = WebViewJavascriptBridgeBase.h; sourceTree = "<group>"; };
		E17043C21C50A9C2001D20BA /* MKAnnotationView+WebCache.h */ = {isa = PBXFileReference; fileEncoding = 4; lastKnownFileType = sourcecode.c.h; path = "MKAnnotationView+WebCache.h"; sourceTree = "<group>"; };
		E17043C31C50A9C2001D20BA /* MKAnnotationView+WebCache.m */ = {isa = PBXFileReference; fileEncoding = 4; lastKnownFileType = sourcecode.c.objc; path = "MKAnnotationView+WebCache.m"; sourceTree = "<group>"; };
		E17043C41C50A9C2001D20BA /* NSData+ImageContentType.h */ = {isa = PBXFileReference; fileEncoding = 4; lastKnownFileType = sourcecode.c.h; path = "NSData+ImageContentType.h"; sourceTree = "<group>"; };
		E17043C51C50A9C2001D20BA /* NSData+ImageContentType.m */ = {isa = PBXFileReference; fileEncoding = 4; lastKnownFileType = sourcecode.c.objc; path = "NSData+ImageContentType.m"; sourceTree = "<group>"; };
		E17043C61C50A9C2001D20BA /* SDImageCache.h */ = {isa = PBXFileReference; fileEncoding = 4; lastKnownFileType = sourcecode.c.h; path = SDImageCache.h; sourceTree = "<group>"; };
		E17043C71C50A9C2001D20BA /* SDImageCache.m */ = {isa = PBXFileReference; fileEncoding = 4; lastKnownFileType = sourcecode.c.objc; path = SDImageCache.m; sourceTree = "<group>"; };
		E17043C81C50A9C2001D20BA /* SDWebImageCompat.h */ = {isa = PBXFileReference; fileEncoding = 4; lastKnownFileType = sourcecode.c.h; path = SDWebImageCompat.h; sourceTree = "<group>"; };
		E17043C91C50A9C2001D20BA /* SDWebImageCompat.m */ = {isa = PBXFileReference; fileEncoding = 4; lastKnownFileType = sourcecode.c.objc; path = SDWebImageCompat.m; sourceTree = "<group>"; };
		E17043CA1C50A9C2001D20BA /* SDWebImageDecoder.h */ = {isa = PBXFileReference; fileEncoding = 4; lastKnownFileType = sourcecode.c.h; path = SDWebImageDecoder.h; sourceTree = "<group>"; };
		E17043CB1C50A9C2001D20BA /* SDWebImageDecoder.m */ = {isa = PBXFileReference; fileEncoding = 4; lastKnownFileType = sourcecode.c.objc; path = SDWebImageDecoder.m; sourceTree = "<group>"; };
		E17043CC1C50A9C2001D20BA /* SDWebImageDownloader.h */ = {isa = PBXFileReference; fileEncoding = 4; lastKnownFileType = sourcecode.c.h; path = SDWebImageDownloader.h; sourceTree = "<group>"; };
		E17043CD1C50A9C2001D20BA /* SDWebImageDownloader.m */ = {isa = PBXFileReference; fileEncoding = 4; lastKnownFileType = sourcecode.c.objc; path = SDWebImageDownloader.m; sourceTree = "<group>"; };
		E17043CE1C50A9C2001D20BA /* SDWebImageDownloaderOperation.h */ = {isa = PBXFileReference; fileEncoding = 4; lastKnownFileType = sourcecode.c.h; path = SDWebImageDownloaderOperation.h; sourceTree = "<group>"; };
		E17043CF1C50A9C2001D20BA /* SDWebImageDownloaderOperation.m */ = {isa = PBXFileReference; fileEncoding = 4; lastKnownFileType = sourcecode.c.objc; path = SDWebImageDownloaderOperation.m; sourceTree = "<group>"; };
		E17043D01C50A9C2001D20BA /* SDWebImageManager.h */ = {isa = PBXFileReference; fileEncoding = 4; lastKnownFileType = sourcecode.c.h; path = SDWebImageManager.h; sourceTree = "<group>"; };
		E17043D11C50A9C2001D20BA /* SDWebImageManager.m */ = {isa = PBXFileReference; fileEncoding = 4; lastKnownFileType = sourcecode.c.objc; path = SDWebImageManager.m; sourceTree = "<group>"; };
		E17043D21C50A9C2001D20BA /* SDWebImageOperation.h */ = {isa = PBXFileReference; fileEncoding = 4; lastKnownFileType = sourcecode.c.h; path = SDWebImageOperation.h; sourceTree = "<group>"; };
		E17043D31C50A9C2001D20BA /* SDWebImagePrefetcher.h */ = {isa = PBXFileReference; fileEncoding = 4; lastKnownFileType = sourcecode.c.h; path = SDWebImagePrefetcher.h; sourceTree = "<group>"; };
		E17043D41C50A9C2001D20BA /* SDWebImagePrefetcher.m */ = {isa = PBXFileReference; fileEncoding = 4; lastKnownFileType = sourcecode.c.objc; path = SDWebImagePrefetcher.m; sourceTree = "<group>"; };
		E17043D51C50A9C2001D20BA /* UIButton+WebCache.h */ = {isa = PBXFileReference; fileEncoding = 4; lastKnownFileType = sourcecode.c.h; path = "UIButton+WebCache.h"; sourceTree = "<group>"; };
		E17043D61C50A9C2001D20BA /* UIButton+WebCache.m */ = {isa = PBXFileReference; fileEncoding = 4; lastKnownFileType = sourcecode.c.objc; path = "UIButton+WebCache.m"; sourceTree = "<group>"; };
		E17043D71C50A9C2001D20BA /* UIImage+GIF.h */ = {isa = PBXFileReference; fileEncoding = 4; lastKnownFileType = sourcecode.c.h; path = "UIImage+GIF.h"; sourceTree = "<group>"; };
		E17043D81C50A9C2001D20BA /* UIImage+GIF.m */ = {isa = PBXFileReference; fileEncoding = 4; lastKnownFileType = sourcecode.c.objc; path = "UIImage+GIF.m"; sourceTree = "<group>"; };
		E17043D91C50A9C2001D20BA /* UIImage+MultiFormat.h */ = {isa = PBXFileReference; fileEncoding = 4; lastKnownFileType = sourcecode.c.h; path = "UIImage+MultiFormat.h"; sourceTree = "<group>"; };
		E17043DA1C50A9C2001D20BA /* UIImage+MultiFormat.m */ = {isa = PBXFileReference; fileEncoding = 4; lastKnownFileType = sourcecode.c.objc; path = "UIImage+MultiFormat.m"; sourceTree = "<group>"; };
		E17043DB1C50A9C2001D20BA /* UIImage+WebP.h */ = {isa = PBXFileReference; fileEncoding = 4; lastKnownFileType = sourcecode.c.h; path = "UIImage+WebP.h"; sourceTree = "<group>"; };
		E17043DC1C50A9C2001D20BA /* UIImage+WebP.m */ = {isa = PBXFileReference; fileEncoding = 4; lastKnownFileType = sourcecode.c.objc; path = "UIImage+WebP.m"; sourceTree = "<group>"; };
		E17043DD1C50A9C2001D20BA /* UIImageView+HighlightedWebCache.h */ = {isa = PBXFileReference; fileEncoding = 4; lastKnownFileType = sourcecode.c.h; path = "UIImageView+HighlightedWebCache.h"; sourceTree = "<group>"; };
		E17043DE1C50A9C2001D20BA /* UIImageView+HighlightedWebCache.m */ = {isa = PBXFileReference; fileEncoding = 4; lastKnownFileType = sourcecode.c.objc; path = "UIImageView+HighlightedWebCache.m"; sourceTree = "<group>"; };
		E17043DF1C50A9C2001D20BA /* UIImageView+WebCache.h */ = {isa = PBXFileReference; fileEncoding = 4; lastKnownFileType = sourcecode.c.h; path = "UIImageView+WebCache.h"; sourceTree = "<group>"; };
		E17043E01C50A9C2001D20BA /* UIImageView+WebCache.m */ = {isa = PBXFileReference; fileEncoding = 4; lastKnownFileType = sourcecode.c.objc; path = "UIImageView+WebCache.m"; sourceTree = "<group>"; };
		E17043E11C50A9C2001D20BA /* UIView+WebCacheOperation.h */ = {isa = PBXFileReference; fileEncoding = 4; lastKnownFileType = sourcecode.c.h; path = "UIView+WebCacheOperation.h"; sourceTree = "<group>"; };
		E17043E21C50A9C2001D20BA /* UIView+WebCacheOperation.m */ = {isa = PBXFileReference; fileEncoding = 4; lastKnownFileType = sourcecode.c.objc; path = "UIView+WebCacheOperation.m"; sourceTree = "<group>"; };
/* End PBXFileReference section */

/* Begin PBXFrameworksBuildPhase section */
		E17043331C507CCA001D20BA /* Frameworks */ = {
			isa = PBXFrameworksBuildPhase;
			buildActionMask = 2147483647;
			files = (
			);
			runOnlyForDeploymentPostprocessing = 0;
		};
		E170434C1C507CCA001D20BA /* Frameworks */ = {
			isa = PBXFrameworksBuildPhase;
			buildActionMask = 2147483647;
			files = (
			);
			runOnlyForDeploymentPostprocessing = 0;
		};
		E17043571C507CCA001D20BA /* Frameworks */ = {
			isa = PBXFrameworksBuildPhase;
			buildActionMask = 2147483647;
			files = (
			);
			runOnlyForDeploymentPostprocessing = 0;
		};
/* End PBXFrameworksBuildPhase section */

/* Begin PBXGroup section */
		E170432D1C507CCA001D20BA = {
			isa = PBXGroup;
			children = (
				E17043381C507CCA001D20BA /* H5Demo */,
				E17043521C507CCA001D20BA /* H5DemoTests */,
				E170435D1C507CCA001D20BA /* H5DemoUITests */,
				E17043371C507CCA001D20BA /* Products */,
			);
			sourceTree = "<group>";
		};
		E17043371C507CCA001D20BA /* Products */ = {
			isa = PBXGroup;
			children = (
				E17043361C507CCA001D20BA /* H5Demo.app */,
				E170434F1C507CCA001D20BA /* H5DemoTests.xctest */,
				E170435A1C507CCA001D20BA /* H5DemoUITests.xctest */,
			);
			name = Products;
			sourceTree = "<group>";
		};
		E17043381C507CCA001D20BA /* H5Demo */ = {
			isa = PBXGroup;
			children = (
				E17043C11C50A9C2001D20BA /* SDWebImage */,
				E170436C1C508802001D20BA /* WebViewJavascriptBridge */,
				E170433C1C507CCA001D20BA /* AppDelegate.h */,
				E170433D1C507CCA001D20BA /* AppDelegate.m */,
				E170433F1C507CCA001D20BA /* ViewController.h */,
				E17043401C507CCA001D20BA /* ViewController.m */,
				E17043421C507CCA001D20BA /* Main.storyboard */,
				E17043451C507CCA001D20BA /* Assets.xcassets */,
				E17043471C507CCA001D20BA /* LaunchScreen.storyboard */,
				E170434A1C507CCA001D20BA /* Info.plist */,
				E17043391C507CCA001D20BA /* Supporting Files */,
			);
			path = H5Demo;
			sourceTree = "<group>";
		};
		E17043391C507CCA001D20BA /* Supporting Files */ = {
			isa = PBXGroup;
			children = (
				E170433A1C507CCA001D20BA /* main.m */,
			);
			name = "Supporting Files";
			sourceTree = "<group>";
		};
		E17043521C507CCA001D20BA /* H5DemoTests */ = {
			isa = PBXGroup;
			children = (
				E17043531C507CCA001D20BA /* H5DemoTests.m */,
				E17043551C507CCA001D20BA /* Info.plist */,
			);
			path = H5DemoTests;
			sourceTree = "<group>";
		};
		E170435D1C507CCA001D20BA /* H5DemoUITests */ = {
			isa = PBXGroup;
			children = (
				E170435E1C507CCA001D20BA /* H5DemoUITests.m */,
				E17043601C507CCA001D20BA /* Info.plist */,
			);
			path = H5DemoUITests;
			sourceTree = "<group>";
		};
		E170436C1C508802001D20BA /* WebViewJavascriptBridge */ = {
			isa = PBXGroup;
			children = (
				E170436D1C50881F001D20BA /* WebViewJavascriptBridge.js.txt */,
				E170436E1C50881F001D20BA /* WebViewJavascriptBridge.h */,
				E170436F1C50881F001D20BA /* WebViewJavascriptBridge.m */,
				E17043701C50881F001D20BA /* WKWebViewJavascriptBridge.m */,
				E17043711C50881F001D20BA /* WKWebViewJavascriptBridge.h */,
				E17043721C50881F001D20BA /* WebViewJavascriptBridgeBase.m */,
				E17043731C50881F001D20BA /* WebViewJavascriptBridgeBase.h */,
			);
			path = WebViewJavascriptBridge;
			sourceTree = "<group>";
		};
		E17043C11C50A9C2001D20BA /* SDWebImage */ = {
			isa = PBXGroup;
			children = (
				E17043C21C50A9C2001D20BA /* MKAnnotationView+WebCache.h */,
				E17043C31C50A9C2001D20BA /* MKAnnotationView+WebCache.m */,
				E17043C41C50A9C2001D20BA /* NSData+ImageContentType.h */,
				E17043C51C50A9C2001D20BA /* NSData+ImageContentType.m */,
				E17043C61C50A9C2001D20BA /* SDImageCache.h */,
				E17043C71C50A9C2001D20BA /* SDImageCache.m */,
				E17043C81C50A9C2001D20BA /* SDWebImageCompat.h */,
				E17043C91C50A9C2001D20BA /* SDWebImageCompat.m */,
				E17043CA1C50A9C2001D20BA /* SDWebImageDecoder.h */,
				E17043CB1C50A9C2001D20BA /* SDWebImageDecoder.m */,
				E17043CC1C50A9C2001D20BA /* SDWebImageDownloader.h */,
				E17043CD1C50A9C2001D20BA /* SDWebImageDownloader.m */,
				E17043CE1C50A9C2001D20BA /* SDWebImageDownloaderOperation.h */,
				E17043CF1C50A9C2001D20BA /* SDWebImageDownloaderOperation.m */,
				E17043D01C50A9C2001D20BA /* SDWebImageManager.h */,
				E17043D11C50A9C2001D20BA /* SDWebImageManager.m */,
				E17043D21C50A9C2001D20BA /* SDWebImageOperation.h */,
				E17043D31C50A9C2001D20BA /* SDWebImagePrefetcher.h */,
				E17043D41C50A9C2001D20BA /* SDWebImagePrefetcher.m */,
				E17043D51C50A9C2001D20BA /* UIButton+WebCache.h */,
				E17043D61C50A9C2001D20BA /* UIButton+WebCache.m */,
				E17043D71C50A9C2001D20BA /* UIImage+GIF.h */,
				E17043D81C50A9C2001D20BA /* UIImage+GIF.m */,
				E17043D91C50A9C2001D20BA /* UIImage+MultiFormat.h */,
				E17043DA1C50A9C2001D20BA /* UIImage+MultiFormat.m */,
				E17043DB1C50A9C2001D20BA /* UIImage+WebP.h */,
				E17043DC1C50A9C2001D20BA /* UIImage+WebP.m */,
				E17043DD1C50A9C2001D20BA /* UIImageView+HighlightedWebCache.h */,
				E17043DE1C50A9C2001D20BA /* UIImageView+HighlightedWebCache.m */,
				E17043DF1C50A9C2001D20BA /* UIImageView+WebCache.h */,
				E17043E01C50A9C2001D20BA /* UIImageView+WebCache.m */,
				E17043E11C50A9C2001D20BA /* UIView+WebCacheOperation.h */,
				E17043E21C50A9C2001D20BA /* UIView+WebCacheOperation.m */,
			);
			path = SDWebImage;
			sourceTree = "<group>";
		};
/* End PBXGroup section */

/* Begin PBXNativeTarget section */
		E17043351C507CCA001D20BA /* H5Demo */ = {
			isa = PBXNativeTarget;
			buildConfigurationList = E17043631C507CCA001D20BA /* Build configuration list for PBXNativeTarget "H5Demo" */;
			buildPhases = (
				E17043321C507CCA001D20BA /* Sources */,
				E17043331C507CCA001D20BA /* Frameworks */,
				E17043341C507CCA001D20BA /* Resources */,
			);
			buildRules = (
			);
			dependencies = (
			);
			name = H5Demo;
			productName = H5Demo;
			productReference = E17043361C507CCA001D20BA /* H5Demo.app */;
			productType = "com.apple.product-type.application";
		};
		E170434E1C507CCA001D20BA /* H5DemoTests */ = {
			isa = PBXNativeTarget;
			buildConfigurationList = E17043661C507CCA001D20BA /* Build configuration list for PBXNativeTarget "H5DemoTests" */;
			buildPhases = (
				E170434B1C507CCA001D20BA /* Sources */,
				E170434C1C507CCA001D20BA /* Frameworks */,
				E170434D1C507CCA001D20BA /* Resources */,
			);
			buildRules = (
			);
			dependencies = (
				E17043511C507CCA001D20BA /* PBXTargetDependency */,
			);
			name = H5DemoTests;
			productName = H5DemoTests;
			productReference = E170434F1C507CCA001D20BA /* H5DemoTests.xctest */;
			productType = "com.apple.product-type.bundle.unit-test";
		};
		E17043591C507CCA001D20BA /* H5DemoUITests */ = {
			isa = PBXNativeTarget;
			buildConfigurationList = E17043691C507CCA001D20BA /* Build configuration list for PBXNativeTarget "H5DemoUITests" */;
			buildPhases = (
				E17043561C507CCA001D20BA /* Sources */,
				E17043571C507CCA001D20BA /* Frameworks */,
				E17043581C507CCA001D20BA /* Resources */,
			);
			buildRules = (
			);
			dependencies = (
				E170435C1C507CCA001D20BA /* PBXTargetDependency */,
			);
			name = H5DemoUITests;
			productName = H5DemoUITests;
			productReference = E170435A1C507CCA001D20BA /* H5DemoUITests.xctest */;
			productType = "com.apple.product-type.bundle.ui-testing";
		};
/* End PBXNativeTarget section */

/* Begin PBXProject section */
		E170432E1C507CCA001D20BA /* Project object */ = {
			isa = PBXProject;
			attributes = {
				LastUpgradeCheck = 0720;
				ORGANIZATIONNAME = wangbo11;
				TargetAttributes = {
					E17043351C507CCA001D20BA = {
						CreatedOnToolsVersion = 7.2;
					};
					E170434E1C507CCA001D20BA = {
						CreatedOnToolsVersion = 7.2;
						TestTargetID = E17043351C507CCA001D20BA;
					};
					E17043591C507CCA001D20BA = {
						CreatedOnToolsVersion = 7.2;
						TestTargetID = E17043351C507CCA001D20BA;
					};
				};
			};
			buildConfigurationList = E17043311C507CCA001D20BA /* Build configuration list for PBXProject "H5Demo" */;
			compatibilityVersion = "Xcode 3.2";
			developmentRegion = English;
			hasScannedForEncodings = 0;
			knownRegions = (
				en,
				Base,
			);
			mainGroup = E170432D1C507CCA001D20BA;
			productRefGroup = E17043371C507CCA001D20BA /* Products */;
			projectDirPath = "";
			projectRoot = "";
			targets = (
				E17043351C507CCA001D20BA /* H5Demo */,
				E170434E1C507CCA001D20BA /* H5DemoTests */,
				E17043591C507CCA001D20BA /* H5DemoUITests */,
			);
		};
/* End PBXProject section */

/* Begin PBXResourcesBuildPhase section */
		E17043341C507CCA001D20BA /* Resources */ = {
			isa = PBXResourcesBuildPhase;
			buildActionMask = 2147483647;
			files = (
				E17043741C50881F001D20BA /* WebViewJavascriptBridge.js.txt in Resources */,
				E17043491C507CCA001D20BA /* LaunchScreen.storyboard in Resources */,
				E17043461C507CCA001D20BA /* Assets.xcassets in Resources */,
				E17043441C507CCA001D20BA /* Main.storyboard in Resources */,
			);
			runOnlyForDeploymentPostprocessing = 0;
		};
		E170434D1C507CCA001D20BA /* Resources */ = {
			isa = PBXResourcesBuildPhase;
			buildActionMask = 2147483647;
			files = (
			);
			runOnlyForDeploymentPostprocessing = 0;
		};
		E17043581C507CCA001D20BA /* Resources */ = {
			isa = PBXResourcesBuildPhase;
			buildActionMask = 2147483647;
			files = (
			);
			runOnlyForDeploymentPostprocessing = 0;
		};
/* End PBXResourcesBuildPhase section */

/* Begin PBXSourcesBuildPhase section */
		E17043321C507CCA001D20BA /* Sources */ = {
			isa = PBXSourcesBuildPhase;
			buildActionMask = 2147483647;
			files = (
				E17043ED1C50A9C2001D20BA /* UIImage+GIF.m in Sources */,
				E17043EA1C50A9C2001D20BA /* SDWebImageManager.m in Sources */,
				E17043F11C50A9C2001D20BA /* UIImageView+WebCache.m in Sources */,
				E17043E91C50A9C2001D20BA /* SDWebImageDownloaderOperation.m in Sources */,
				E17043E51C50A9C2001D20BA /* SDImageCache.m in Sources */,
				E17043E31C50A9C2001D20BA /* MKAnnotationView+WebCache.m in Sources */,
				E17043411C507CCA001D20BA /* ViewController.m in Sources */,
				E17043EE1C50A9C2001D20BA /* UIImage+MultiFormat.m in Sources */,
				E17043761C50881F001D20BA /* WKWebViewJavascriptBridge.m in Sources */,
				E17043F21C50A9C2001D20BA /* UIView+WebCacheOperation.m in Sources */,
				E17043751C50881F001D20BA /* WebViewJavascriptBridge.m in Sources */,
				E17043EF1C50A9C2001D20BA /* UIImage+WebP.m in Sources */,
				E17043EB1C50A9C2001D20BA /* SDWebImagePrefetcher.m in Sources */,
				E17043E61C50A9C2001D20BA /* SDWebImageCompat.m in Sources */,
				E17043E41C50A9C2001D20BA /* NSData+ImageContentType.m in Sources */,
				E17043E71C50A9C2001D20BA /* SDWebImageDecoder.m in Sources */,
				E170433E1C507CCA001D20BA /* AppDelegate.m in Sources */,
				E17043F01C50A9C2001D20BA /* UIImageView+HighlightedWebCache.m in Sources */,
				E17043EC1C50A9C2001D20BA /* UIButton+WebCache.m in Sources */,
				E17043771C50881F001D20BA /* WebViewJavascriptBridgeBase.m in Sources */,
				E170433B1C507CCA001D20BA /* main.m in Sources */,
				E17043E81C50A9C2001D20BA /* SDWebImageDownloader.m in Sources */,
			);
			runOnlyForDeploymentPostprocessing = 0;
		};
		E170434B1C507CCA001D20BA /* Sources */ = {
			isa = PBXSourcesBuildPhase;
			buildActionMask = 2147483647;
			files = (
				E17043541C507CCA001D20BA /* H5DemoTests.m in Sources */,
			);
			runOnlyForDeploymentPostprocessing = 0;
		};
		E17043561C507CCA001D20BA /* Sources */ = {
			isa = PBXSourcesBuildPhase;
			buildActionMask = 2147483647;
			files = (
				E170435F1C507CCA001D20BA /* H5DemoUITests.m in Sources */,
			);
			runOnlyForDeploymentPostprocessing = 0;
		};
/* End PBXSourcesBuildPhase section */

/* Begin PBXTargetDependency section */
		E17043511C507CCA001D20BA /* PBXTargetDependency */ = {
			isa = PBXTargetDependency;
			target = E17043351C507CCA001D20BA /* H5Demo */;
			targetProxy = E17043501C507CCA001D20BA /* PBXContainerItemProxy */;
		};
		E170435C1C507CCA001D20BA /* PBXTargetDependency */ = {
			isa = PBXTargetDependency;
			target = E17043351C507CCA001D20BA /* H5Demo */;
			targetProxy = E170435B1C507CCA001D20BA /* PBXContainerItemProxy */;
		};
/* End PBXTargetDependency section */

/* Begin PBXVariantGroup section */
		E17043421C507CCA001D20BA /* Main.storyboard */ = {
			isa = PBXVariantGroup;
			children = (
				E17043431C507CCA001D20BA /* Base */,
			);
			name = Main.storyboard;
			sourceTree = "<group>";
		};
		E17043471C507CCA001D20BA /* LaunchScreen.storyboard */ = {
			isa = PBXVariantGroup;
			children = (
				E17043481C507CCA001D20BA /* Base */,
			);
			name = LaunchScreen.storyboard;
			sourceTree = "<group>";
		};
/* End PBXVariantGroup section */

/* Begin XCBuildConfiguration section */
		E17043611C507CCA001D20BA /* Debug */ = {
			isa = XCBuildConfiguration;
			buildSettings = {
				ALWAYS_SEARCH_USER_PATHS = NO;
				CLANG_CXX_LANGUAGE_STANDARD = "gnu++0x";
				CLANG_CXX_LIBRARY = "libc++";
				CLANG_ENABLE_MODULES = YES;
				CLANG_ENABLE_OBJC_ARC = YES;
				CLANG_WARN_BOOL_CONVERSION = YES;
				CLANG_WARN_CONSTANT_CONVERSION = YES;
				CLANG_WARN_DIRECT_OBJC_ISA_USAGE = YES_ERROR;
				CLANG_WARN_EMPTY_BODY = YES;
				CLANG_WARN_ENUM_CONVERSION = YES;
				CLANG_WARN_INT_CONVERSION = YES;
				CLANG_WARN_OBJC_ROOT_CLASS = YES_ERROR;
				CLANG_WARN_UNREACHABLE_CODE = YES;
				CLANG_WARN__DUPLICATE_METHOD_MATCH = YES;
				"CODE_SIGN_IDENTITY[sdk=iphoneos*]" = "iPhone Developer";
				COPY_PHASE_STRIP = NO;
				DEBUG_INFORMATION_FORMAT = dwarf;
				ENABLE_STRICT_OBJC_MSGSEND = YES;
				ENABLE_TESTABILITY = YES;
				GCC_C_LANGUAGE_STANDARD = gnu99;
				GCC_DYNAMIC_NO_PIC = NO;
				GCC_NO_COMMON_BLOCKS = YES;
				GCC_OPTIMIZATION_LEVEL = 0;
				GCC_PREPROCESSOR_DEFINITIONS = (
					"DEBUG=1",
					"$(inherited)",
				);
				GCC_WARN_64_TO_32_BIT_CONVERSION = YES;
				GCC_WARN_ABOUT_RETURN_TYPE = YES_ERROR;
				GCC_WARN_UNDECLARED_SELECTOR = YES;
				GCC_WARN_UNINITIALIZED_AUTOS = YES_AGGRESSIVE;
				GCC_WARN_UNUSED_FUNCTION = YES;
				GCC_WARN_UNUSED_VARIABLE = YES;
				IPHONEOS_DEPLOYMENT_TARGET = 9.2;
				MTL_ENABLE_DEBUG_INFO = YES;
				ONLY_ACTIVE_ARCH = YES;
				SDKROOT = iphoneos;
				TARGETED_DEVICE_FAMILY = "1,2";
			};
			name = Debug;
		};
		E17043621C507CCA001D20BA /* Release */ = {
			isa = XCBuildConfiguration;
			buildSettings = {
				ALWAYS_SEARCH_USER_PATHS = NO;
				CLANG_CXX_LANGUAGE_STANDARD = "gnu++0x";
				CLANG_CXX_LIBRARY = "libc++";
				CLANG_ENABLE_MODULES = YES;
				CLANG_ENABLE_OBJC_ARC = YES;
				CLANG_WARN_BOOL_CONVERSION = YES;
				CLANG_WARN_CONSTANT_CONVERSION = YES;
				CLANG_WARN_DIRECT_OBJC_ISA_USAGE = YES_ERROR;
				CLANG_WARN_EMPTY_BODY = YES;
				CLANG_WARN_ENUM_CONVERSION = YES;
				CLANG_WARN_INT_CONVERSION = YES;
				CLANG_WARN_OBJC_ROOT_CLASS = YES_ERROR;
				CLANG_WARN_UNREACHABLE_CODE = YES;
				CLANG_WARN__DUPLICATE_METHOD_MATCH = YES;
				"CODE_SIGN_IDENTITY[sdk=iphoneos*]" = "iPhone Developer";
				COPY_PHASE_STRIP = NO;
				DEBUG_INFORMATION_FORMAT = "dwarf-with-dsym";
				ENABLE_NS_ASSERTIONS = NO;
				ENABLE_STRICT_OBJC_MSGSEND = YES;
				GCC_C_LANGUAGE_STANDARD = gnu99;
				GCC_NO_COMMON_BLOCKS = YES;
				GCC_WARN_64_TO_32_BIT_CONVERSION = YES;
				GCC_WARN_ABOUT_RETURN_TYPE = YES_ERROR;
				GCC_WARN_UNDECLARED_SELECTOR = YES;
				GCC_WARN_UNINITIALIZED_AUTOS = YES_AGGRESSIVE;
				GCC_WARN_UNUSED_FUNCTION = YES;
				GCC_WARN_UNUSED_VARIABLE = YES;
				IPHONEOS_DEPLOYMENT_TARGET = 9.2;
				MTL_ENABLE_DEBUG_INFO = NO;
				SDKROOT = iphoneos;
				TARGETED_DEVICE_FAMILY = "1,2";
				VALIDATE_PRODUCT = YES;
			};
			name = Release;
		};
		E17043641C507CCA001D20BA /* Debug */ = {
			isa = XCBuildConfiguration;
			buildSettings = {
				ASSETCATALOG_COMPILER_APPICON_NAME = AppIcon;
				INFOPLIST_FILE = H5Demo/Info.plist;
				IPHONEOS_DEPLOYMENT_TARGET = 7.0;
				LD_RUNPATH_SEARCH_PATHS = "$(inherited) @executable_path/Frameworks";
				PRODUCT_BUNDLE_IDENTIFIER = com.wb.H5Demo;
				PRODUCT_NAME = "$(TARGET_NAME)";
			};
			name = Debug;
		};
		E17043651C507CCA001D20BA /* Release */ = {
			isa = XCBuildConfiguration;
			buildSettings = {
				ASSETCATALOG_COMPILER_APPICON_NAME = AppIcon;
				INFOPLIST_FILE = H5Demo/Info.plist;
				IPHONEOS_DEPLOYMENT_TARGET = 7.0;
				LD_RUNPATH_SEARCH_PATHS = "$(inherited) @executable_path/Frameworks";
				PRODUCT_BUNDLE_IDENTIFIER = com.wb.H5Demo;
				PRODUCT_NAME = "$(TARGET_NAME)";
			};
			name = Release;
		};
		E17043671C507CCA001D20BA /* Debug */ = {
			isa = XCBuildConfiguration;
			buildSettings = {
				BUNDLE_LOADER = "$(TEST_HOST)";
				INFOPLIST_FILE = H5DemoTests/Info.plist;
				LD_RUNPATH_SEARCH_PATHS = "$(inherited) @executable_path/Frameworks @loader_path/Frameworks";
				PRODUCT_BUNDLE_IDENTIFIER = com.wb.H5Demo.H5DemoTests;
				PRODUCT_NAME = "$(TARGET_NAME)";
				TEST_HOST = "$(BUILT_PRODUCTS_DIR)/H5Demo.app/H5Demo";
			};
			name = Debug;
		};
		E17043681C507CCA001D20BA /* Release */ = {
			isa = XCBuildConfiguration;
			buildSettings = {
				BUNDLE_LOADER = "$(TEST_HOST)";
				INFOPLIST_FILE = H5DemoTests/Info.plist;
				LD_RUNPATH_SEARCH_PATHS = "$(inherited) @executable_path/Frameworks @loader_path/Frameworks";
				PRODUCT_BUNDLE_IDENTIFIER = com.wb.H5Demo.H5DemoTests;
				PRODUCT_NAME = "$(TARGET_NAME)";
				TEST_HOST = "$(BUILT_PRODUCTS_DIR)/H5Demo.app/H5Demo";
			};
			name = Release;
		};
		E170436A1C507CCA001D20BA /* Debug */ = {
			isa = XCBuildConfiguration;
			buildSettings = {
				INFOPLIST_FILE = H5DemoUITests/Info.plist;
				LD_RUNPATH_SEARCH_PATHS = "$(inherited) @executable_path/Frameworks @loader_path/Frameworks";
				PRODUCT_BUNDLE_IDENTIFIER = com.wb.H5Demo.H5DemoUITests;
				PRODUCT_NAME = "$(TARGET_NAME)";
				TEST_TARGET_NAME = H5Demo;
				USES_XCTRUNNER = YES;
			};
			name = Debug;
		};
		E170436B1C507CCA001D20BA /* Release */ = {
			isa = XCBuildConfiguration;
			buildSettings = {
				INFOPLIST_FILE = H5DemoUITests/Info.plist;
				LD_RUNPATH_SEARCH_PATHS = "$(inherited) @executable_path/Frameworks @loader_path/Frameworks";
				PRODUCT_BUNDLE_IDENTIFIER = com.wb.H5Demo.H5DemoUITests;
				PRODUCT_NAME = "$(TARGET_NAME)";
				TEST_TARGET_NAME = H5Demo;
				USES_XCTRUNNER = YES;
			};
			name = Release;
		};
/* End XCBuildConfiguration section */

/* Begin XCConfigurationList section */
		E17043311C507CCA001D20BA /* Build configuration list for PBXProject "H5Demo" */ = {
			isa = XCConfigurationList;
			buildConfigurations = (
				E17043611C507CCA001D20BA /* Debug */,
				E17043621C507CCA001D20BA /* Release */,
			);
			defaultConfigurationIsVisible = 0;
			defaultConfigurationName = Release;
		};
		E17043631C507CCA001D20BA /* Build configuration list for PBXNativeTarget "H5Demo" */ = {
			isa = XCConfigurationList;
			buildConfigurations = (
				E17043641C507CCA001D20BA /* Debug */,
				E17043651C507CCA001D20BA /* Release */,
			);
			defaultConfigurationIsVisible = 0;
			defaultConfigurationName = Release;
		};
		E17043661C507CCA001D20BA /* Build configuration list for PBXNativeTarget "H5DemoTests" */ = {
			isa = XCConfigurationList;
			buildConfigurations = (
				E17043671C507CCA001D20BA /* Debug */,
				E17043681C507CCA001D20BA /* Release */,
			);
			defaultConfigurationIsVisible = 0;
			defaultConfigurationName = Release;
		};
		E17043691C507CCA001D20BA /* Build configuration list for PBXNativeTarget "H5DemoUITests" */ = {
			isa = XCConfigurationList;
			buildConfigurations = (
				E170436A1C507CCA001D20BA /* Debug */,
				E170436B1C507CCA001D20BA /* Release */,
			);
			defaultConfigurationIsVisible = 0;
			defaultConfigurationName = Release;
		};
/* End XCConfigurationList section */
	};
	rootObject = E170432E1C507CCA001D20BA /* Project object */;
}
